
Microsoft Visual Studio Solution File, Format Version 12.00
Project("{FAE04EC0-301F-11D3-BF4B-00C04F79EFBC}") = "backend", "backend\backend.csproj", "{93F3F1E5-E591-443E-A55A-5EE87ED9E1C6}"
EndProject
Project("{2150E333-8FDC-42A3-9474-1A3956D46DE8}") = "Solution Items", "Solution Items", "{53BA628B-D834-48F4-AD4C-522639E40B21}"
	ProjectSection(SolutionItems) = preProject
		compose.yaml = compose.yaml
	EndProjectSection
EndProject
Project("{2150E333-8FDC-42A3-9474-1A3956D46DE8}") = "frontend", "frontend", "{C6243951-2E8C-4C2E-974C-CCF3D5FD134F}"
EndProject
Global
	GlobalSection(SolutionConfigurationPlatforms) = preSolution
		Debug|Any CPU = Debug|Any CPU
		Release|Any CPU = Release|Any CPU
	EndGlobalSection
	GlobalSection(ProjectConfigurationPlatforms) = postSolution
		{93F3F1E5-E591-443E-A55A-5EE87ED9E1C6}.Debug|Any CPU.ActiveCfg = Debug|Any CPU
		{93F3F1E5-E591-443E-A55A-5EE87ED9E1C6}.Debug|Any CPU.Build.0 = Debug|Any CPU
		{93F3F1E5-E591-443E-A55A-5EE87ED9E1C6}.Release|Any CPU.ActiveCfg = Release|Any CPU
		{93F3F1E5-E591-443E-A55A-5EE87ED9E1C6}.Release|Any CPU.Build.0 = Release|Any CPU
	EndGlobalSection
EndGlobal
